
Microsoft Visual Studio Solution File, Format Version 12.00
# Visual Studio Version 16
VisualStudioVersion = 16.0.29827.131
MinimumVisualStudioVersion = 10.0.40219.1
Project("{FAE04EC0-301F-11D3-BF4B-00C04F79EFBC}") = "EmployeeDetailsAPI", "EmployeeDetailsAPI\EmployeeDetailsAPI.csproj", "{D43EA854-1090-4F67-B833-FA915BD429A7}"
EndProject
Project("{FAE04EC0-301F-11D3-BF4B-00C04F79EFBC}") = "UnitTestEmployeeDetailsAPI", "UnitTestEmployeeDetailsAPI\UnitTestEmployeeDetailsAPI.csproj", "{87908F06-75B7-4AD4-8787-2D07C6BCADBB}"
EndProject
Global
	GlobalSection(SolutionConfigurationPlatforms) = preSolution
		Debug|Any CPU = Debug|Any CPU
		Release|Any CPU = Release|Any CPU
	EndGlobalSection
	GlobalSection(ProjectConfigurationPlatforms) = postSolution
		{D43EA854-1090-4F67-B833-FA915BD429A7}.Debug|Any CPU.ActiveCfg = Debug|Any CPU
		{D43EA854-1090-4F67-B833-FA915BD429A7}.Debug|Any CPU.Build.0 = Debug|Any CPU
		{D43EA854-1090-4F67-B833-FA915BD429A7}.Release|Any CPU.ActiveCfg = Release|Any CPU
		{D43EA854-1090-4F67-B833-FA915BD429A7}.Release|Any CPU.Build.0 = Release|Any CPU
		{87908F06-75B7-4AD4-8787-2D07C6BCADBB}.Debug|Any CPU.ActiveCfg = Debug|Any CPU
		{87908F06-75B7-4AD4-8787-2D07C6BCADBB}.Debug|Any CPU.Build.0 = Debug|Any CPU
		{87908F06-75B7-4AD4-8787-2D07C6BCADBB}.Release|Any CPU.ActiveCfg = Release|Any CPU
		{87908F06-75B7-4AD4-8787-2D07C6BCADBB}.Release|Any CPU.Build.0 = Release|Any CPU
	EndGlobalSection
	GlobalSection(SolutionProperties) = preSolution
		HideSolutionNode = FALSE
	EndGlobalSection
	GlobalSection(ExtensibilityGlobals) = postSolution
		SolutionGuid = {E0E11F07-1FDA-41F8-B598-E0B1764D4A92}
	EndGlobalSection
EndGlobal
